
Microsoft Visual Studio Solution File, Format Version 12.00
# Visual Studio Version 17
VisualStudioVersion = 17.7.34024.191
MinimumVisualStudioVersion = 10.0.40219.1
Project("{FAE04EC0-301F-11D3-BF4B-00C04F79EFBC}") = "MandatoryAssignmentFootball", "MandatoryAssignmentFootball\MandatoryAssignmentFootball.csproj", "{A0A6E038-1FFB-4C2C-AD36-4C4CD969E007}"
EndProject
Global
	GlobalSection(SolutionConfigurationPlatforms) = preSolution
		Debug|Any CPU = Debug|Any CPU
		Release|Any CPU = Release|Any CPU
	EndGlobalSection
	GlobalSection(ProjectConfigurationPlatforms) = postSolution
		{A0A6E038-1FFB-4C2C-AD36-4C4CD969E007}.Debug|Any CPU.ActiveCfg = Debug|Any CPU
		{A0A6E038-1FFB-4C2C-AD36-4C4CD969E007}.Debug|Any CPU.Build.0 = Debug|Any CPU
		{A0A6E038-1FFB-4C2C-AD36-4C4CD969E007}.Release|Any CPU.ActiveCfg = Release|Any CPU
		{A0A6E038-1FFB-4C2C-AD36-4C4CD969E007}.Release|Any CPU.Build.0 = Release|Any CPU
	EndGlobalSection
	GlobalSection(SolutionProperties) = preSolution
		HideSolutionNode = FALSE
	EndGlobalSection
	GlobalSection(ExtensibilityGlobals) = postSolution
		SolutionGuid = {D36306C9-D709-4D8A-BDAF-13337DDED06B}
	EndGlobalSection
EndGlobal
